
Microsoft Visual Studio Solution File, Format Version 12.00
# Visual Studio Version 16
VisualStudioVersion = 16.0.31205.134
MinimumVisualStudioVersion = 10.0.40219.1
Project("{2150E333-8FDC-42A3-9474-1A3956D46DE8}") = "Tag1", "Tag1", "{71CD37AA-0ED0-4CE9-8E62-590EB44E7E49}"
EndProject
Project("{2150E333-8FDC-42A3-9474-1A3956D46DE8}") = "Sprachfeatures_CSharp", "Sprachfeatures_CSharp", "{9148BF1A-0B83-49B9-B7A6-4EA542338D79}"
EndProject
Project("{2150E333-8FDC-42A3-9474-1A3956D46DE8}") = "70", "70", "{866C9F25-853D-418F-8D80-BD09FA5FFD3F}"
EndProject
Project("{2150E333-8FDC-42A3-9474-1A3956D46DE8}") = "71", "71", "{48E5C61B-2D54-4D72-ADCD-198170422C62}"
EndProject
Project("{2150E333-8FDC-42A3-9474-1A3956D46DE8}") = "72", "72", "{398DBA31-5376-43CC-8BBA-4B96EA1A5596}"
	ProjectSection(SolutionItems) = preProject
		PrivateProtectedLink.txt = PrivateProtectedLink.txt
	EndProjectSection
EndProject
Project("{FAE04EC0-301F-11D3-BF4B-00C04F79EFBC}") = "CSharp70", "CSharp70\CSharp70.csproj", "{D9A37A6A-7EE3-427A-B540-08733249909E}"
EndProject
Project("{FAE04EC0-301F-11D3-BF4B-00C04F79EFBC}") = "CSharp71", "CSharp71\CSharp71.csproj", "{58FC876E-FA23-47DA-9E7B-0F9976F207A8}"
EndProject
Project("{FAE04EC0-301F-11D3-BF4B-00C04F79EFBC}") = "DefaultAgurmenteSampe", "DefaultAgurmenteSampe\DefaultAgurmenteSampe.csproj", "{12B33630-842A-4FF2-8629-E5507AC645E8}"
EndProject
Project("{FAE04EC0-301F-11D3-BF4B-00C04F79EFBC}") = "CSharp80", "CSharp80\CSharp80.csproj", "{02D574A9-769A-4194-8CED-3BC5BA0FA31C}"
EndProject
Project("{FAE04EC0-301F-11D3-BF4B-00C04F79EFBC}") = "CSharp90", "CSharp90\CSharp90.csproj", "{534EFDB3-0D26-43D8-B628-A47699B36873}"
EndProject
Project("{2150E333-8FDC-42A3-9474-1A3956D46DE8}") = "80", "80", "{B154566C-DEB7-459A-820C-E5A977A733AB}"
EndProject
Project("{2150E333-8FDC-42A3-9474-1A3956D46DE8}") = "90", "90", "{C4B80B41-1250-457E-A093-CAB87FC98A15}"
EndProject
Project("{2150E333-8FDC-42A3-9474-1A3956D46DE8}") = "Solution Items", "Solution Items", "{8302D896-BD2F-4C2D-A480-F838092AEAC5}"
	ProjectSection(SolutionItems) = preProject
		Agenda.md = Agenda.md
	EndProjectSection
EndProject
Project("{2150E333-8FDC-42A3-9474-1A3956D46DE8}") = "SOLID", "SOLID", "{76B56DB7-0BC2-4E72-A003-B1741D1DB8D2}"
EndProject
Project("{FAE04EC0-301F-11D3-BF4B-00C04F79EFBC}") = "SingleResponsibility_Princip", "SingleResponsibility_Princip\SingleResponsibility_Princip.csproj", "{BC41E019-3169-4488-B584-409F693933BA}"
EndProject
Project("{FAE04EC0-301F-11D3-BF4B-00C04F79EFBC}") = "OpenClosed_Principle_OCP", "OpenClosed_Principle_OCP\OpenClosed_Principle_OCP.csproj", "{74A5955E-66B1-4806-8C03-8AF242512A55}"
EndProject
Project("{FAE04EC0-301F-11D3-BF4B-00C04F79EFBC}") = "Liskov_substitution_principle_LSP", "Liskov_substitution_principle_LSP\Liskov_substitution_principle_LSP.csproj", "{6D7D11E8-2629-412E-9D2D-0542EBBF8189}"
EndProject
Project("{FAE04EC0-301F-11D3-BF4B-00C04F79EFBC}") = "Dependency_Inversion", "Dependency_Inversion\Dependency_Inversion.csproj", "{48FD5898-1833-487B-AEBD-CC3CA4EF26F1}"
EndProject
Project("{FAE04EC0-301F-11D3-BF4B-00C04F79EFBC}") = "Interface_segregation_principle_ISP", "Interface_segregation_principle_ISP\Interface_segregation_principle_ISP.csproj", "{F53E2C3D-069C-4492-B311-6F3A1A261710}"
EndProject
Project("{9A19103F-16F7-4668-BE54-9A1E7A4F7556}") = "Übung_Solid1", "Übung_Solid1\Übung_Solid1.csproj", "{AACA7930-D3D9-41E4-96CA-76FB26971285}"
EndProject
Project("{9A19103F-16F7-4668-BE54-9A1E7A4F7556}") = "Übung_Solid2", "Übung_Solid2\Übung_Solid2.csproj", "{260557D5-7FE6-4F06-B46D-0C5E5D9B407D}"
EndProject
Project("{9A19103F-16F7-4668-BE54-9A1E7A4F7556}") = "StringBuilderBenchmarkDemo", "StringBuilderBenchmarkDemo\StringBuilderBenchmarkDemo.csproj", "{B3228B9C-D9FA-4FD3-A291-894B1F367EA3}"
EndProject
Project("{2150E333-8FDC-42A3-9474-1A3956D46DE8}") = "Tag2", "Tag2", "{B58B1D00-F12C-42CF-A230-778009C30FAA}"
EndProject
Project("{2150E333-8FDC-42A3-9474-1A3956D46DE8}") = "Threading", "Threading", "{85ABFBE2-E8F4-4961-A898-8F9F4B9ACD1E}"
EndProject
Project("{FAE04EC0-301F-11D3-BF4B-00C04F79EFBC}") = "001_ThreadStarten", "001_ThreadStarten\001_ThreadStarten.csproj", "{B536D726-EC81-45A9-8600-3990C0C544D4}"
EndProject
Project("{FAE04EC0-301F-11D3-BF4B-00C04F79EFBC}") = "002_ThreadMitParameter", "ThreadMitParameter\002_ThreadMitParameter.csproj", "{C37DB68E-7A2E-49C3-A146-0E075AE2765B}"
EndProject
Project("{FAE04EC0-301F-11D3-BF4B-00C04F79EFBC}") = "003_ThreadBeenden", "003_ThreadBeenden\003_ThreadBeenden.csproj", "{4982CF83-0FB8-484C-9D77-02790EB65BA6}"
EndProject
Project("{FAE04EC0-301F-11D3-BF4B-00C04F79EFBC}") = "004_ThreadPoolSample", "004_ThreadPoolSample\004_ThreadPoolSample.csproj", "{000AAFE8-CBB0-4038-BA3B-5E2910AC49F4}"
EndProject
Project("{FAE04EC0-301F-11D3-BF4B-00C04F79EFBC}") = "005_LockSample", "005_LockSample\005_LockSample.csproj", "{AE7BB3C1-2905-4A2B-AEDA-A60B82F3F8EB}"
EndProject
Project("{FAE04EC0-301F-11D3-BF4B-00C04F79EFBC}") = "MonitorSample", "MonitorSample\MonitorSample.csproj", "{97F761DE-CA26-413F-8E6D-E074F01C9B8D}"
EndProject
Project("{FAE04EC0-301F-11D3-BF4B-00C04F79EFBC}") = "MutexSample_ProgrammInstance", "MutexSample_ProgrammInstance\MutexSample_ProgrammInstance.csproj", "{2142123E-B223-4AEF-864F-6D6D287C4CA5}"
EndProject
Project("{9A19103F-16F7-4668-BE54-9A1E7A4F7556}") = "MutextSample", "MutextSample\MutextSample.csproj", "{35911A99-E5EB-431E-B71A-6B4F3E9476EF}"
EndProject
Project("{2150E333-8FDC-42A3-9474-1A3956D46DE8}") = "TPL", "TPL", "{511A9CBF-542C-45C4-A0BE-939AD38FC616}"
EndProject
Project("{FAE04EC0-301F-11D3-BF4B-00C04F79EFBC}") = "001_EinfacherTask", "001_EinfacherTask\001_EinfacherTask.csproj", "{A029E6C2-F1F6-43A6-998F-1843D5D7D195}"
EndProject
Project("{FAE04EC0-301F-11D3-BF4B-00C04F79EFBC}") = "002_TaskMitParameter", "002_TaskMitParameter\002_TaskMitParameter.csproj", "{C80BB73E-002A-484D-B384-F4C8A4E16B8D}"
EndProject
Project("{FAE04EC0-301F-11D3-BF4B-00C04F79EFBC}") = "003_TaskFactorySample", "003_TaskFactorySample\003_TaskFactorySample.csproj", "{A23D5425-80D4-452E-A9B9-E2BE54C23549}"
EndProject
Project("{FAE04EC0-301F-11D3-BF4B-00C04F79EFBC}") = "004_EinfacherTaskBeenden", "004_EinfacherTaskBeenden\004_EinfacherTaskBeenden.csproj", "{3B551D1B-481E-4EB0-9CEE-8030A4449636}"
EndProject
Project("{FAE04EC0-301F-11D3-BF4B-00C04F79EFBC}") = "005_TasksMitException", "005_TasksMitException\005_TasksMitException.csproj", "{37B78CB7-50E6-4CE6-A019-A71DDD2EA416}"
EndProject
Project("{FAE04EC0-301F-11D3-BF4B-00C04F79EFBC}") = "TaskContinueSample", "TaskContinueSample\TaskContinueSample.csproj", "{E7097F5E-3154-4DFD-8E5B-01A84BB17B20}"
EndProject
Project("{FAE04EC0-301F-11D3-BF4B-00C04F79EFBC}") = "TaskErgebnisAnContinueTaskÜbergeben", "TaskErgebnisAnContinueTaskÜbergeben\TaskErgebnisAnContinueTaskÜbergeben.csproj", "{8705D00B-94F7-4E77-8093-0B58C65CBBA4}"
EndProject
Project("{9A19103F-16F7-4668-BE54-9A1E7A4F7556}") = "006_Verketten_von_Tasks_mithilfe_von_Fortsetzungstasks", "006_Verketten_von_Tasks_mithilfe_von_Fortsetzungstasks\006_Verketten_von_Tasks_mithilfe_von_Fortsetzungstasks.csproj", "{F9EA8CA5-6C8B-472C-BD0C-66911A6BB868}"
EndProject
Project("{9A19103F-16F7-4668-BE54-9A1E7A4F7556}") = "007_Erstellen_einer_Fortsetzung_für_mehrere_Vorgänger", "007_Erstellen_einer_Fortsetzung_für_mehrere_Vorgänger\007_Erstellen_einer_Fortsetzung_für_mehrere_Vorgänger.csproj", "{BC65E4D0-31C3-4626-BD58-F4FA44719F67}"
EndProject
Project("{9A19103F-16F7-4668-BE54-9A1E7A4F7556}") = "008_Übergeben_von_Daten_an_eine_Fortsetzung", "008_Übergeben_von_Daten_an_eine_Fortsetzung\008_Übergeben_von_Daten_an_eine_Fortsetzung.csproj", "{67ADC17E-F8F9-49EF-8F7A-E6DE115D55D9}"
EndProject
Project("{9A19103F-16F7-4668-BE54-9A1E7A4F7556}") = "008_Übergeben_von_Daten_an_eine_Fortsetzung_MitStatusCheck", "008_Übergeben_von_Daten_an_eine_Fortsetzung_MitStatusCheck\008_Übergeben_von_Daten_an_eine_Fortsetzung_MitStatusCheck.csproj", "{877C2A7D-4517-4F0A-AB09-61103FD5DC97}"
EndProject
Project("{9A19103F-16F7-4668-BE54-9A1E7A4F7556}") = "009_Abbrechen_einer_Fortsetzung", "009_Abbrechen_einer_Fortsetzung\009_Abbrechen_einer_Fortsetzung.csproj", "{4B1A3E1E-E459-474D-8128-1085AC7102A3}"
EndProject
Project("{9A19103F-16F7-4668-BE54-9A1E7A4F7556}") = "009_Abbrechen_einer_FortsetzungB", "009_Abbrechen_einer_FortsetzungB\009_Abbrechen_einer_FortsetzungB.csproj", "{9AA90BB9-BAC5-472D-93B1-45D5882DD9B3}"
EndProject
Project("{9A19103F-16F7-4668-BE54-9A1E7A4F7556}") = "010_Fortsetzungen_und_untergeordnete_Tasks", "010_Fortsetzungen_und_untergeordnete_Tasks\010_Fortsetzungen_und_untergeordnete_Tasks.csproj", "{10E0C398-BA6F-4BCB-8A3A-1555322F921E}"
EndProject
Project("{9A19103F-16F7-4668-BE54-9A1E7A4F7556}") = "010_Fortsetzungen_und_untergeordnete_Tasks_B", "010_Fortsetzungen_und_untergeordnete_Tasks_B\010_Fortsetzungen_und_untergeordnete_Tasks_B.csproj", "{05CA571A-4B9E-42E2-8353-964CCBD82BF8}"
EndProject
Project("{9A19103F-16F7-4668-BE54-9A1E7A4F7556}") = "011_Zuordnen_eines_Zustands_zu_Fortsetzungen", "011_Zuordnen_eines_Zustands_zu_Fortsetzungen\011_Zuordnen_eines_Zustands_zu_Fortsetzungen.csproj", "{C27616E9-4D1B-4256-9A5B-7D69B6448B2E}"
EndProject
Project("{9A19103F-16F7-4668-BE54-9A1E7A4F7556}") = "013_Behandeln_von_durch_Fortsetzungen_ausgelösten_Ausnahmen", "013_Behandeln_von_durch_Fortsetzungen_ausgelösten_Ausnahmen\013_Behandeln_von_durch_Fortsetzungen_ausgelösten_Ausnahmen.csproj", "{BA34FEBE-7A65-40B9-B912-0121FFB50697}"
EndProject
Project("{9A19103F-16F7-4668-BE54-9A1E7A4F7556}") = "013_Behandeln_von_durch_Fortsetzungen_ausgelösten_AusnahmenB", "013_Behandeln_von_durch_Fortsetzungen_ausgelösten_AusnahmenB\013_Behandeln_von_durch_Fortsetzungen_ausgelösten_AusnahmenB.csproj", "{9438EB7A-9A9A-4CA7-AD04-52407CF4D651}"
EndProject
Project("{9A19103F-16F7-4668-BE54-9A1E7A4F7556}") = "BenchmarkTestParallelForVsFor", "BenchmarkTestParallelForVsFor\BenchmarkTestParallelForVsFor.csproj", "{C9F2F427-3452-434E-AE3E-D6BD90A6FE01}"
EndProject
Project("{2150E333-8FDC-42A3-9474-1A3956D46DE8}") = "AsyncAwaitPattern", "AsyncAwaitPattern", "{9C131CD0-332A-44F1-B31D-1C1588531859}"
EndProject
Project("{FAE04EC0-301F-11D3-BF4B-00C04F79EFBC}") = "AsyncAwaitSample", "AsyncAwaitSample\AsyncAwaitSample.csproj", "{8EC56DD9-CD37-4AD8-80F3-F83B243A99A4}"
EndProject
Project("{2150E333-8FDC-42A3-9474-1A3956D46DE8}") = "Generics", "Generics", "{4C58418A-743A-47BA-93EB-35D665FBE103}"
EndProject
Project("{FAE04EC0-301F-11D3-BF4B-00C04F79EFBC}") = "GenericsSamples", "GenericsSamples\GenericsSamples.csproj", "{F56DEA8B-2F12-4894-AE7C-5D1927DA319F}"
EndProject
Project("{9A19103F-16F7-4668-BE54-9A1E7A4F7556}") = "GenericWithConstraintsSample", "GenericWithConstraintsSample\GenericWithConstraintsSample.csproj", "{8CCB5461-0BFA-4FB9-97EF-5B06FE2465A5}"
EndProject
Project("{9A19103F-16F7-4668-BE54-9A1E7A4F7556}") = "Generic_Lab", "Generic_Lab\Generic_Lab.csproj", "{73B78117-4E22-4421-98D5-7727A00EACEF}"
EndProject
Project("{FAE04EC0-301F-11D3-BF4B-00C04F79EFBC}") = "DictionarySample", "DictionarySample\DictionarySample.csproj", "{8D8AACC8-CC23-44A8-B259-E2FDFF135EB1}"
EndProject
Project("{2150E333-8FDC-42A3-9474-1A3956D46DE8}") = "Delegates", "Delegates", "{8384A25A-3FF0-4876-944C-08F25A0E87D7}"
EndProject
Project("{FAE04EC0-301F-11D3-BF4B-00C04F79EFBC}") = "DelegatesActionAndFunc", "DelegatesActionAndFunc\DelegatesActionAndFunc.csproj", "{EEC874B7-D29B-4811-ACDF-9F8E02EA64D7}"
EndProject
Project("{FAE04EC0-301F-11D3-BF4B-00C04F79EFBC}") = "DelegateWithCallback", "DelegateWithCallback\DelegateWithCallback.csproj", "{B7F0D98A-3E27-4D51-BBF8-A1CE211BBDAC}"
EndProject
Project("{FAE04EC0-301F-11D3-BF4B-00C04F79EFBC}") = "EventAndEventHandler", "EventAndEventHandler\EventAndEventHandler.csproj", "{93D3E10E-16CB-46B8-959A-DDC30ECABB06}"
EndProject
Project("{2150E333-8FDC-42A3-9474-1A3956D46DE8}") = "Tag3", "Tag3", "{DC6FC00F-7F3F-4AF0-A970-9BEE8679729E}"
EndProject
Project("{2150E333-8FDC-42A3-9474-1A3956D46DE8}") = "Wiederholung", "Wiederholung", "{DE529CD2-A131-496B-9C28-331753FD0C25}"
EndProject
Project("{FAE04EC0-301F-11D3-BF4B-00C04F79EFBC}") = "HalloAsync", "HalloAsync\HalloAsync.csproj", "{8518674C-843F-4BCF-BAD3-3EAEB28E48EF}"
EndProject
Project("{FAE04EC0-301F-11D3-BF4B-00C04F79EFBC}") = "DelegatesInWinForm", "DelegatesInWinForm\DelegatesInWinForm.csproj", "{C20DBFF0-F5F7-4536-A53A-C1CDFDD6AA39}"
EndProject
Project("{2150E333-8FDC-42A3-9474-1A3956D46DE8}") = "Reflections", "Reflections", "{79317A18-8B39-4A13-9AF2-C6AB33835F85}"
EndProject
Project("{FAE04EC0-301F-11D3-BF4B-00C04F79EFBC}") = "TrumpTaschenrechner", "TrumpTaschenrechner\TrumpTaschenrechner.csproj", "{654C8C36-38AB-454E-BAC8-57D34EB8838F}"
EndProject
Project("{FAE04EC0-301F-11D3-BF4B-00C04F79EFBC}") = "HelloReflections", "HelloReflections\HelloReflections.csproj", "{AC9DFBD7-C323-4F56-BD28-30BBA0444F9F}"
EndProject
Project("{2150E333-8FDC-42A3-9474-1A3956D46DE8}") = "DynamicObjects", "DynamicObjects", "{FDA99FC2-1CA1-4F09-8D68-AA4ABEA9306E}"
EndProject
Project("{FAE04EC0-301F-11D3-BF4B-00C04F79EFBC}") = "DynamicObject Sample", "DynamicObject Sample\DynamicObject Sample.csproj", "{AF01B87E-36E1-46D8-9F3F-0DD703FF6DE8}"
EndProject
Global
	GlobalSection(SolutionConfigurationPlatforms) = preSolution
		Debug|Any CPU = Debug|Any CPU
		Release|Any CPU = Release|Any CPU
	EndGlobalSection
	GlobalSection(ProjectConfigurationPlatforms) = postSolution
		{D9A37A6A-7EE3-427A-B540-08733249909E}.Debug|Any CPU.ActiveCfg = Debug|Any CPU
		{D9A37A6A-7EE3-427A-B540-08733249909E}.Debug|Any CPU.Build.0 = Debug|Any CPU
		{D9A37A6A-7EE3-427A-B540-08733249909E}.Release|Any CPU.ActiveCfg = Release|Any CPU
		{D9A37A6A-7EE3-427A-B540-08733249909E}.Release|Any CPU.Build.0 = Release|Any CPU
		{58FC876E-FA23-47DA-9E7B-0F9976F207A8}.Debug|Any CPU.ActiveCfg = Debug|Any CPU
		{58FC876E-FA23-47DA-9E7B-0F9976F207A8}.Debug|Any CPU.Build.0 = Debug|Any CPU
		{58FC876E-FA23-47DA-9E7B-0F9976F207A8}.Release|Any CPU.ActiveCfg = Release|Any CPU
		{58FC876E-FA23-47DA-9E7B-0F9976F207A8}.Release|Any CPU.Build.0 = Release|Any CPU
		{12B33630-842A-4FF2-8629-E5507AC645E8}.Debug|Any CPU.ActiveCfg = Debug|Any CPU
		{12B33630-842A-4FF2-8629-E5507AC645E8}.Debug|Any CPU.Build.0 = Debug|Any CPU
		{12B33630-842A-4FF2-8629-E5507AC645E8}.Release|Any CPU.ActiveCfg = Release|Any CPU
		{12B33630-842A-4FF2-8629-E5507AC645E8}.Release|Any CPU.Build.0 = Release|Any CPU
		{02D574A9-769A-4194-8CED-3BC5BA0FA31C}.Debug|Any CPU.ActiveCfg = Debug|Any CPU
		{02D574A9-769A-4194-8CED-3BC5BA0FA31C}.Debug|Any CPU.Build.0 = Debug|Any CPU
		{02D574A9-769A-4194-8CED-3BC5BA0FA31C}.Release|Any CPU.ActiveCfg = Release|Any CPU
		{02D574A9-769A-4194-8CED-3BC5BA0FA31C}.Release|Any CPU.Build.0 = Release|Any CPU
		{534EFDB3-0D26-43D8-B628-A47699B36873}.Debug|Any CPU.ActiveCfg = Debug|Any CPU
		{534EFDB3-0D26-43D8-B628-A47699B36873}.Debug|Any CPU.Build.0 = Debug|Any CPU
		{534EFDB3-0D26-43D8-B628-A47699B36873}.Release|Any CPU.ActiveCfg = Release|Any CPU
		{534EFDB3-0D26-43D8-B628-A47699B36873}.Release|Any CPU.Build.0 = Release|Any CPU
		{BC41E019-3169-4488-B584-409F693933BA}.Debug|Any CPU.ActiveCfg = Debug|Any CPU
		{BC41E019-3169-4488-B584-409F693933BA}.Debug|Any CPU.Build.0 = Debug|Any CPU
		{BC41E019-3169-4488-B584-409F693933BA}.Release|Any CPU.ActiveCfg = Release|Any CPU
		{BC41E019-3169-4488-B584-409F693933BA}.Release|Any CPU.Build.0 = Release|Any CPU
		{74A5955E-66B1-4806-8C03-8AF242512A55}.Debug|Any CPU.ActiveCfg = Debug|Any CPU
		{74A5955E-66B1-4806-8C03-8AF242512A55}.Debug|Any CPU.Build.0 = Debug|Any CPU
		{74A5955E-66B1-4806-8C03-8AF242512A55}.Release|Any CPU.ActiveCfg = Release|Any CPU
		{74A5955E-66B1-4806-8C03-8AF242512A55}.Release|Any CPU.Build.0 = Release|Any CPU
		{6D7D11E8-2629-412E-9D2D-0542EBBF8189}.Debug|Any CPU.ActiveCfg = Debug|Any CPU
		{6D7D11E8-2629-412E-9D2D-0542EBBF8189}.Debug|Any CPU.Build.0 = Debug|Any CPU
		{6D7D11E8-2629-412E-9D2D-0542EBBF8189}.Release|Any CPU.ActiveCfg = Release|Any CPU
		{6D7D11E8-2629-412E-9D2D-0542EBBF8189}.Release|Any CPU.Build.0 = Release|Any CPU
		{48FD5898-1833-487B-AEBD-CC3CA4EF26F1}.Debug|Any CPU.ActiveCfg = Debug|Any CPU
		{48FD5898-1833-487B-AEBD-CC3CA4EF26F1}.Debug|Any CPU.Build.0 = Debug|Any CPU
		{48FD5898-1833-487B-AEBD-CC3CA4EF26F1}.Release|Any CPU.ActiveCfg = Release|Any CPU
		{48FD5898-1833-487B-AEBD-CC3CA4EF26F1}.Release|Any CPU.Build.0 = Release|Any CPU
		{F53E2C3D-069C-4492-B311-6F3A1A261710}.Debug|Any CPU.ActiveCfg = Debug|Any CPU
		{F53E2C3D-069C-4492-B311-6F3A1A261710}.Debug|Any CPU.Build.0 = Debug|Any CPU
		{F53E2C3D-069C-4492-B311-6F3A1A261710}.Release|Any CPU.ActiveCfg = Release|Any CPU
		{F53E2C3D-069C-4492-B311-6F3A1A261710}.Release|Any CPU.Build.0 = Release|Any CPU
		{AACA7930-D3D9-41E4-96CA-76FB26971285}.Debug|Any CPU.ActiveCfg = Debug|Any CPU
		{AACA7930-D3D9-41E4-96CA-76FB26971285}.Debug|Any CPU.Build.0 = Debug|Any CPU
		{AACA7930-D3D9-41E4-96CA-76FB26971285}.Release|Any CPU.ActiveCfg = Release|Any CPU
		{AACA7930-D3D9-41E4-96CA-76FB26971285}.Release|Any CPU.Build.0 = Release|Any CPU
		{260557D5-7FE6-4F06-B46D-0C5E5D9B407D}.Debug|Any CPU.ActiveCfg = Debug|Any CPU
		{260557D5-7FE6-4F06-B46D-0C5E5D9B407D}.Debug|Any CPU.Build.0 = Debug|Any CPU
		{260557D5-7FE6-4F06-B46D-0C5E5D9B407D}.Release|Any CPU.ActiveCfg = Release|Any CPU
		{260557D5-7FE6-4F06-B46D-0C5E5D9B407D}.Release|Any CPU.Build.0 = Release|Any CPU
		{B3228B9C-D9FA-4FD3-A291-894B1F367EA3}.Debug|Any CPU.ActiveCfg = Debug|Any CPU
		{B3228B9C-D9FA-4FD3-A291-894B1F367EA3}.Debug|Any CPU.Build.0 = Debug|Any CPU
		{B3228B9C-D9FA-4FD3-A291-894B1F367EA3}.Release|Any CPU.ActiveCfg = Release|Any CPU
		{B3228B9C-D9FA-4FD3-A291-894B1F367EA3}.Release|Any CPU.Build.0 = Release|Any CPU
		{B536D726-EC81-45A9-8600-3990C0C544D4}.Debug|Any CPU.ActiveCfg = Debug|Any CPU
		{B536D726-EC81-45A9-8600-3990C0C544D4}.Debug|Any CPU.Build.0 = Debug|Any CPU
		{B536D726-EC81-45A9-8600-3990C0C544D4}.Release|Any CPU.ActiveCfg = Release|Any CPU
		{B536D726-EC81-45A9-8600-3990C0C544D4}.Release|Any CPU.Build.0 = Release|Any CPU
		{C37DB68E-7A2E-49C3-A146-0E075AE2765B}.Debug|Any CPU.ActiveCfg = Debug|Any CPU
		{C37DB68E-7A2E-49C3-A146-0E075AE2765B}.Debug|Any CPU.Build.0 = Debug|Any CPU
		{C37DB68E-7A2E-49C3-A146-0E075AE2765B}.Release|Any CPU.ActiveCfg = Release|Any CPU
		{C37DB68E-7A2E-49C3-A146-0E075AE2765B}.Release|Any CPU.Build.0 = Release|Any CPU
		{4982CF83-0FB8-484C-9D77-02790EB65BA6}.Debug|Any CPU.ActiveCfg = Debug|Any CPU
		{4982CF83-0FB8-484C-9D77-02790EB65BA6}.Debug|Any CPU.Build.0 = Debug|Any CPU
		{4982CF83-0FB8-484C-9D77-02790EB65BA6}.Release|Any CPU.ActiveCfg = Release|Any CPU
		{4982CF83-0FB8-484C-9D77-02790EB65BA6}.Release|Any CPU.Build.0 = Release|Any CPU
		{000AAFE8-CBB0-4038-BA3B-5E2910AC49F4}.Debug|Any CPU.ActiveCfg = Debug|Any CPU
		{000AAFE8-CBB0-4038-BA3B-5E2910AC49F4}.Debug|Any CPU.Build.0 = Debug|Any CPU
		{000AAFE8-CBB0-4038-BA3B-5E2910AC49F4}.Release|Any CPU.ActiveCfg = Release|Any CPU
		{000AAFE8-CBB0-4038-BA3B-5E2910AC49F4}.Release|Any CPU.Build.0 = Release|Any CPU
		{AE7BB3C1-2905-4A2B-AEDA-A60B82F3F8EB}.Debug|Any CPU.ActiveCfg = Debug|Any CPU
		{AE7BB3C1-2905-4A2B-AEDA-A60B82F3F8EB}.Debug|Any CPU.Build.0 = Debug|Any CPU
		{AE7BB3C1-2905-4A2B-AEDA-A60B82F3F8EB}.Release|Any CPU.ActiveCfg = Release|Any CPU
		{AE7BB3C1-2905-4A2B-AEDA-A60B82F3F8EB}.Release|Any CPU.Build.0 = Release|Any CPU
		{97F761DE-CA26-413F-8E6D-E074F01C9B8D}.Debug|Any CPU.ActiveCfg = Debug|Any CPU
		{97F761DE-CA26-413F-8E6D-E074F01C9B8D}.Debug|Any CPU.Build.0 = Debug|Any CPU
		{97F761DE-CA26-413F-8E6D-E074F01C9B8D}.Release|Any CPU.ActiveCfg = Release|Any CPU
		{97F761DE-CA26-413F-8E6D-E074F01C9B8D}.Release|Any CPU.Build.0 = Release|Any CPU
		{2142123E-B223-4AEF-864F-6D6D287C4CA5}.Debug|Any CPU.ActiveCfg = Debug|Any CPU
		{2142123E-B223-4AEF-864F-6D6D287C4CA5}.Debug|Any CPU.Build.0 = Debug|Any CPU
		{2142123E-B223-4AEF-864F-6D6D287C4CA5}.Release|Any CPU.ActiveCfg = Release|Any CPU
		{2142123E-B223-4AEF-864F-6D6D287C4CA5}.Release|Any CPU.Build.0 = Release|Any CPU
		{35911A99-E5EB-431E-B71A-6B4F3E9476EF}.Debug|Any CPU.ActiveCfg = Debug|Any CPU
		{35911A99-E5EB-431E-B71A-6B4F3E9476EF}.Debug|Any CPU.Build.0 = Debug|Any CPU
		{35911A99-E5EB-431E-B71A-6B4F3E9476EF}.Release|Any CPU.ActiveCfg = Release|Any CPU
		{35911A99-E5EB-431E-B71A-6B4F3E9476EF}.Release|Any CPU.Build.0 = Release|Any CPU
		{A029E6C2-F1F6-43A6-998F-1843D5D7D195}.Debug|Any CPU.ActiveCfg = Debug|Any CPU
		{A029E6C2-F1F6-43A6-998F-1843D5D7D195}.Debug|Any CPU.Build.0 = Debug|Any CPU
		{A029E6C2-F1F6-43A6-998F-1843D5D7D195}.Release|Any CPU.ActiveCfg = Release|Any CPU
		{A029E6C2-F1F6-43A6-998F-1843D5D7D195}.Release|Any CPU.Build.0 = Release|Any CPU
		{C80BB73E-002A-484D-B384-F4C8A4E16B8D}.Debug|Any CPU.ActiveCfg = Debug|Any CPU
		{C80BB73E-002A-484D-B384-F4C8A4E16B8D}.Debug|Any CPU.Build.0 = Debug|Any CPU
		{C80BB73E-002A-484D-B384-F4C8A4E16B8D}.Release|Any CPU.ActiveCfg = Release|Any CPU
		{C80BB73E-002A-484D-B384-F4C8A4E16B8D}.Release|Any CPU.Build.0 = Release|Any CPU
		{A23D5425-80D4-452E-A9B9-E2BE54C23549}.Debug|Any CPU.ActiveCfg = Debug|Any CPU
		{A23D5425-80D4-452E-A9B9-E2BE54C23549}.Debug|Any CPU.Build.0 = Debug|Any CPU
		{A23D5425-80D4-452E-A9B9-E2BE54C23549}.Release|Any CPU.ActiveCfg = Release|Any CPU
		{A23D5425-80D4-452E-A9B9-E2BE54C23549}.Release|Any CPU.Build.0 = Release|Any CPU
		{3B551D1B-481E-4EB0-9CEE-8030A4449636}.Debug|Any CPU.ActiveCfg = Debug|Any CPU
		{3B551D1B-481E-4EB0-9CEE-8030A4449636}.Debug|Any CPU.Build.0 = Debug|Any CPU
		{3B551D1B-481E-4EB0-9CEE-8030A4449636}.Release|Any CPU.ActiveCfg = Release|Any CPU
		{3B551D1B-481E-4EB0-9CEE-8030A4449636}.Release|Any CPU.Build.0 = Release|Any CPU
		{37B78CB7-50E6-4CE6-A019-A71DDD2EA416}.Debug|Any CPU.ActiveCfg = Debug|Any CPU
		{37B78CB7-50E6-4CE6-A019-A71DDD2EA416}.Debug|Any CPU.Build.0 = Debug|Any CPU
		{37B78CB7-50E6-4CE6-A019-A71DDD2EA416}.Release|Any CPU.ActiveCfg = Release|Any CPU
		{37B78CB7-50E6-4CE6-A019-A71DDD2EA416}.Release|Any CPU.Build.0 = Release|Any CPU
		{E7097F5E-3154-4DFD-8E5B-01A84BB17B20}.Debug|Any CPU.ActiveCfg = Debug|Any CPU
		{E7097F5E-3154-4DFD-8E5B-01A84BB17B20}.Debug|Any CPU.Build.0 = Debug|Any CPU
		{E7097F5E-3154-4DFD-8E5B-01A84BB17B20}.Release|Any CPU.ActiveCfg = Release|Any CPU
		{E7097F5E-3154-4DFD-8E5B-01A84BB17B20}.Release|Any CPU.Build.0 = Release|Any CPU
		{8705D00B-94F7-4E77-8093-0B58C65CBBA4}.Debug|Any CPU.ActiveCfg = Debug|Any CPU
		{8705D00B-94F7-4E77-8093-0B58C65CBBA4}.Debug|Any CPU.Build.0 = Debug|Any CPU
		{8705D00B-94F7-4E77-8093-0B58C65CBBA4}.Release|Any CPU.ActiveCfg = Release|Any CPU
		{8705D00B-94F7-4E77-8093-0B58C65CBBA4}.Release|Any CPU.Build.0 = Release|Any CPU
		{F9EA8CA5-6C8B-472C-BD0C-66911A6BB868}.Debug|Any CPU.ActiveCfg = Debug|Any CPU
		{F9EA8CA5-6C8B-472C-BD0C-66911A6BB868}.Debug|Any CPU.Build.0 = Debug|Any CPU
		{F9EA8CA5-6C8B-472C-BD0C-66911A6BB868}.Release|Any CPU.ActiveCfg = Release|Any CPU
		{F9EA8CA5-6C8B-472C-BD0C-66911A6BB868}.Release|Any CPU.Build.0 = Release|Any CPU
		{BC65E4D0-31C3-4626-BD58-F4FA44719F67}.Debug|Any CPU.ActiveCfg = Debug|Any CPU
		{BC65E4D0-31C3-4626-BD58-F4FA44719F67}.Debug|Any CPU.Build.0 = Debug|Any CPU
		{BC65E4D0-31C3-4626-BD58-F4FA44719F67}.Release|Any CPU.ActiveCfg = Release|Any CPU
		{BC65E4D0-31C3-4626-BD58-F4FA44719F67}.Release|Any CPU.Build.0 = Release|Any CPU
		{67ADC17E-F8F9-49EF-8F7A-E6DE115D55D9}.Debug|Any CPU.ActiveCfg = Debug|Any CPU
		{67ADC17E-F8F9-49EF-8F7A-E6DE115D55D9}.Debug|Any CPU.Build.0 = Debug|Any CPU
		{67ADC17E-F8F9-49EF-8F7A-E6DE115D55D9}.Release|Any CPU.ActiveCfg = Release|Any CPU
		{67ADC17E-F8F9-49EF-8F7A-E6DE115D55D9}.Release|Any CPU.Build.0 = Release|Any CPU
		{877C2A7D-4517-4F0A-AB09-61103FD5DC97}.Debug|Any CPU.ActiveCfg = Debug|Any CPU
		{877C2A7D-4517-4F0A-AB09-61103FD5DC97}.Debug|Any CPU.Build.0 = Debug|Any CPU
		{877C2A7D-4517-4F0A-AB09-61103FD5DC97}.Release|Any CPU.ActiveCfg = Release|Any CPU
		{877C2A7D-4517-4F0A-AB09-61103FD5DC97}.Release|Any CPU.Build.0 = Release|Any CPU
		{4B1A3E1E-E459-474D-8128-1085AC7102A3}.Debug|Any CPU.ActiveCfg = Debug|Any CPU
		{4B1A3E1E-E459-474D-8128-1085AC7102A3}.Debug|Any CPU.Build.0 = Debug|Any CPU
		{4B1A3E1E-E459-474D-8128-1085AC7102A3}.Release|Any CPU.ActiveCfg = Release|Any CPU
		{4B1A3E1E-E459-474D-8128-1085AC7102A3}.Release|Any CPU.Build.0 = Release|Any CPU
		{9AA90BB9-BAC5-472D-93B1-45D5882DD9B3}.Debug|Any CPU.ActiveCfg = Debug|Any CPU
		{9AA90BB9-BAC5-472D-93B1-45D5882DD9B3}.Debug|Any CPU.Build.0 = Debug|Any CPU
		{9AA90BB9-BAC5-472D-93B1-45D5882DD9B3}.Release|Any CPU.ActiveCfg = Release|Any CPU
		{9AA90BB9-BAC5-472D-93B1-45D5882DD9B3}.Release|Any CPU.Build.0 = Release|Any CPU
		{10E0C398-BA6F-4BCB-8A3A-1555322F921E}.Debug|Any CPU.ActiveCfg = Debug|Any CPU
		{10E0C398-BA6F-4BCB-8A3A-1555322F921E}.Debug|Any CPU.Build.0 = Debug|Any CPU
		{10E0C398-BA6F-4BCB-8A3A-1555322F921E}.Release|Any CPU.ActiveCfg = Release|Any CPU
		{10E0C398-BA6F-4BCB-8A3A-1555322F921E}.Release|Any CPU.Build.0 = Release|Any CPU
		{05CA571A-4B9E-42E2-8353-964CCBD82BF8}.Debug|Any CPU.ActiveCfg = Debug|Any CPU
		{05CA571A-4B9E-42E2-8353-964CCBD82BF8}.Debug|Any CPU.Build.0 = Debug|Any CPU
		{05CA571A-4B9E-42E2-8353-964CCBD82BF8}.Release|Any CPU.ActiveCfg = Release|Any CPU
		{05CA571A-4B9E-42E2-8353-964CCBD82BF8}.Release|Any CPU.Build.0 = Release|Any CPU
		{C27616E9-4D1B-4256-9A5B-7D69B6448B2E}.Debug|Any CPU.ActiveCfg = Debug|Any CPU
		{C27616E9-4D1B-4256-9A5B-7D69B6448B2E}.Debug|Any CPU.Build.0 = Debug|Any CPU
		{C27616E9-4D1B-4256-9A5B-7D69B6448B2E}.Release|Any CPU.ActiveCfg = Release|Any CPU
		{C27616E9-4D1B-4256-9A5B-7D69B6448B2E}.Release|Any CPU.Build.0 = Release|Any CPU
		{BA34FEBE-7A65-40B9-B912-0121FFB50697}.Debug|Any CPU.ActiveCfg = Debug|Any CPU
		{BA34FEBE-7A65-40B9-B912-0121FFB50697}.Debug|Any CPU.Build.0 = Debug|Any CPU
		{BA34FEBE-7A65-40B9-B912-0121FFB50697}.Release|Any CPU.ActiveCfg = Release|Any CPU
		{BA34FEBE-7A65-40B9-B912-0121FFB50697}.Release|Any CPU.Build.0 = Release|Any CPU
		{9438EB7A-9A9A-4CA7-AD04-52407CF4D651}.Debug|Any CPU.ActiveCfg = Debug|Any CPU
		{9438EB7A-9A9A-4CA7-AD04-52407CF4D651}.Debug|Any CPU.Build.0 = Debug|Any CPU
		{9438EB7A-9A9A-4CA7-AD04-52407CF4D651}.Release|Any CPU.ActiveCfg = Release|Any CPU
		{9438EB7A-9A9A-4CA7-AD04-52407CF4D651}.Release|Any CPU.Build.0 = Release|Any CPU
		{C9F2F427-3452-434E-AE3E-D6BD90A6FE01}.Debug|Any CPU.ActiveCfg = Debug|Any CPU
		{C9F2F427-3452-434E-AE3E-D6BD90A6FE01}.Debug|Any CPU.Build.0 = Debug|Any CPU
		{C9F2F427-3452-434E-AE3E-D6BD90A6FE01}.Release|Any CPU.ActiveCfg = Release|Any CPU
		{C9F2F427-3452-434E-AE3E-D6BD90A6FE01}.Release|Any CPU.Build.0 = Release|Any CPU
		{8EC56DD9-CD37-4AD8-80F3-F83B243A99A4}.Debug|Any CPU.ActiveCfg = Debug|Any CPU
		{8EC56DD9-CD37-4AD8-80F3-F83B243A99A4}.Debug|Any CPU.Build.0 = Debug|Any CPU
		{8EC56DD9-CD37-4AD8-80F3-F83B243A99A4}.Release|Any CPU.ActiveCfg = Release|Any CPU
		{8EC56DD9-CD37-4AD8-80F3-F83B243A99A4}.Release|Any CPU.Build.0 = Release|Any CPU
		{F56DEA8B-2F12-4894-AE7C-5D1927DA319F}.Debug|Any CPU.ActiveCfg = Debug|Any CPU
		{F56DEA8B-2F12-4894-AE7C-5D1927DA319F}.Debug|Any CPU.Build.0 = Debug|Any CPU
		{F56DEA8B-2F12-4894-AE7C-5D1927DA319F}.Release|Any CPU.ActiveCfg = Release|Any CPU
		{F56DEA8B-2F12-4894-AE7C-5D1927DA319F}.Release|Any CPU.Build.0 = Release|Any CPU
		{8CCB5461-0BFA-4FB9-97EF-5B06FE2465A5}.Debug|Any CPU.ActiveCfg = Debug|Any CPU
		{8CCB5461-0BFA-4FB9-97EF-5B06FE2465A5}.Debug|Any CPU.Build.0 = Debug|Any CPU
		{8CCB5461-0BFA-4FB9-97EF-5B06FE2465A5}.Release|Any CPU.ActiveCfg = Release|Any CPU
		{8CCB5461-0BFA-4FB9-97EF-5B06FE2465A5}.Release|Any CPU.Build.0 = Release|Any CPU
		{73B78117-4E22-4421-98D5-7727A00EACEF}.Debug|Any CPU.ActiveCfg = Debug|Any CPU
		{73B78117-4E22-4421-98D5-7727A00EACEF}.Debug|Any CPU.Build.0 = Debug|Any CPU
		{73B78117-4E22-4421-98D5-7727A00EACEF}.Release|Any CPU.ActiveCfg = Release|Any CPU
		{73B78117-4E22-4421-98D5-7727A00EACEF}.Release|Any CPU.Build.0 = Release|Any CPU
		{8D8AACC8-CC23-44A8-B259-E2FDFF135EB1}.Debug|Any CPU.ActiveCfg = Debug|Any CPU
		{8D8AACC8-CC23-44A8-B259-E2FDFF135EB1}.Debug|Any CPU.Build.0 = Debug|Any CPU
		{8D8AACC8-CC23-44A8-B259-E2FDFF135EB1}.Release|Any CPU.ActiveCfg = Release|Any CPU
		{8D8AACC8-CC23-44A8-B259-E2FDFF135EB1}.Release|Any CPU.Build.0 = Release|Any CPU
		{EEC874B7-D29B-4811-ACDF-9F8E02EA64D7}.Debug|Any CPU.ActiveCfg = Debug|Any CPU
		{EEC874B7-D29B-4811-ACDF-9F8E02EA64D7}.Debug|Any CPU.Build.0 = Debug|Any CPU
		{EEC874B7-D29B-4811-ACDF-9F8E02EA64D7}.Release|Any CPU.ActiveCfg = Release|Any CPU
		{EEC874B7-D29B-4811-ACDF-9F8E02EA64D7}.Release|Any CPU.Build.0 = Release|Any CPU
		{B7F0D98A-3E27-4D51-BBF8-A1CE211BBDAC}.Debug|Any CPU.ActiveCfg = Debug|Any CPU
		{B7F0D98A-3E27-4D51-BBF8-A1CE211BBDAC}.Debug|Any CPU.Build.0 = Debug|Any CPU
		{B7F0D98A-3E27-4D51-BBF8-A1CE211BBDAC}.Release|Any CPU.ActiveCfg = Release|Any CPU
		{B7F0D98A-3E27-4D51-BBF8-A1CE211BBDAC}.Release|Any CPU.Build.0 = Release|Any CPU
		{93D3E10E-16CB-46B8-959A-DDC30ECABB06}.Debug|Any CPU.ActiveCfg = Debug|Any CPU
		{93D3E10E-16CB-46B8-959A-DDC30ECABB06}.Debug|Any CPU.Build.0 = Debug|Any CPU
		{93D3E10E-16CB-46B8-959A-DDC30ECABB06}.Release|Any CPU.ActiveCfg = Release|Any CPU
		{93D3E10E-16CB-46B8-959A-DDC30ECABB06}.Release|Any CPU.Build.0 = Release|Any CPU
		{8518674C-843F-4BCF-BAD3-3EAEB28E48EF}.Debug|Any CPU.ActiveCfg = Debug|Any CPU
		{8518674C-843F-4BCF-BAD3-3EAEB28E48EF}.Debug|Any CPU.Build.0 = Debug|Any CPU
		{8518674C-843F-4BCF-BAD3-3EAEB28E48EF}.Release|Any CPU.ActiveCfg = Release|Any CPU
		{8518674C-843F-4BCF-BAD3-3EAEB28E48EF}.Release|Any CPU.Build.0 = Release|Any CPU
		{C20DBFF0-F5F7-4536-A53A-C1CDFDD6AA39}.Debug|Any CPU.ActiveCfg = Debug|Any CPU
		{C20DBFF0-F5F7-4536-A53A-C1CDFDD6AA39}.Debug|Any CPU.Build.0 = Debug|Any CPU
		{C20DBFF0-F5F7-4536-A53A-C1CDFDD6AA39}.Release|Any CPU.ActiveCfg = Release|Any CPU
		{C20DBFF0-F5F7-4536-A53A-C1CDFDD6AA39}.Release|Any CPU.Build.0 = Release|Any CPU
		{654C8C36-38AB-454E-BAC8-57D34EB8838F}.Debug|Any CPU.ActiveCfg = Debug|Any CPU
		{654C8C36-38AB-454E-BAC8-57D34EB8838F}.Debug|Any CPU.Build.0 = Debug|Any CPU
		{654C8C36-38AB-454E-BAC8-57D34EB8838F}.Release|Any CPU.ActiveCfg = Release|Any CPU
		{654C8C36-38AB-454E-BAC8-57D34EB8838F}.Release|Any CPU.Build.0 = Release|Any CPU
		{AC9DFBD7-C323-4F56-BD28-30BBA0444F9F}.Debug|Any CPU.ActiveCfg = Debug|Any CPU
		{AC9DFBD7-C323-4F56-BD28-30BBA0444F9F}.Debug|Any CPU.Build.0 = Debug|Any CPU
		{AC9DFBD7-C323-4F56-BD28-30BBA0444F9F}.Release|Any CPU.ActiveCfg = Release|Any CPU
		{AC9DFBD7-C323-4F56-BD28-30BBA0444F9F}.Release|Any CPU.Build.0 = Release|Any CPU
		{AF01B87E-36E1-46D8-9F3F-0DD703FF6DE8}.Debug|Any CPU.ActiveCfg = Debug|Any CPU
		{AF01B87E-36E1-46D8-9F3F-0DD703FF6DE8}.Debug|Any CPU.Build.0 = Debug|Any CPU
		{AF01B87E-36E1-46D8-9F3F-0DD703FF6DE8}.Release|Any CPU.ActiveCfg = Release|Any CPU
		{AF01B87E-36E1-46D8-9F3F-0DD703FF6DE8}.Release|Any CPU.Build.0 = Release|Any CPU
	EndGlobalSection
	GlobalSection(SolutionProperties) = preSolution
		HideSolutionNode = FALSE
	EndGlobalSection
	GlobalSection(NestedProjects) = preSolution
		{9148BF1A-0B83-49B9-B7A6-4EA542338D79} = {71CD37AA-0ED0-4CE9-8E62-590EB44E7E49}
		{866C9F25-853D-418F-8D80-BD09FA5FFD3F} = {9148BF1A-0B83-49B9-B7A6-4EA542338D79}
		{48E5C61B-2D54-4D72-ADCD-198170422C62} = {9148BF1A-0B83-49B9-B7A6-4EA542338D79}
		{398DBA31-5376-43CC-8BBA-4B96EA1A5596} = {9148BF1A-0B83-49B9-B7A6-4EA542338D79}
		{D9A37A6A-7EE3-427A-B540-08733249909E} = {866C9F25-853D-418F-8D80-BD09FA5FFD3F}
		{58FC876E-FA23-47DA-9E7B-0F9976F207A8} = {48E5C61B-2D54-4D72-ADCD-198170422C62}
		{12B33630-842A-4FF2-8629-E5507AC645E8} = {398DBA31-5376-43CC-8BBA-4B96EA1A5596}
		{02D574A9-769A-4194-8CED-3BC5BA0FA31C} = {B154566C-DEB7-459A-820C-E5A977A733AB}
		{534EFDB3-0D26-43D8-B628-A47699B36873} = {C4B80B41-1250-457E-A093-CAB87FC98A15}
		{B154566C-DEB7-459A-820C-E5A977A733AB} = {9148BF1A-0B83-49B9-B7A6-4EA542338D79}
		{C4B80B41-1250-457E-A093-CAB87FC98A15} = {9148BF1A-0B83-49B9-B7A6-4EA542338D79}
		{76B56DB7-0BC2-4E72-A003-B1741D1DB8D2} = {71CD37AA-0ED0-4CE9-8E62-590EB44E7E49}
		{BC41E019-3169-4488-B584-409F693933BA} = {76B56DB7-0BC2-4E72-A003-B1741D1DB8D2}
		{74A5955E-66B1-4806-8C03-8AF242512A55} = {76B56DB7-0BC2-4E72-A003-B1741D1DB8D2}
		{6D7D11E8-2629-412E-9D2D-0542EBBF8189} = {76B56DB7-0BC2-4E72-A003-B1741D1DB8D2}
		{48FD5898-1833-487B-AEBD-CC3CA4EF26F1} = {76B56DB7-0BC2-4E72-A003-B1741D1DB8D2}
		{F53E2C3D-069C-4492-B311-6F3A1A261710} = {76B56DB7-0BC2-4E72-A003-B1741D1DB8D2}
		{AACA7930-D3D9-41E4-96CA-76FB26971285} = {71CD37AA-0ED0-4CE9-8E62-590EB44E7E49}
		{260557D5-7FE6-4F06-B46D-0C5E5D9B407D} = {71CD37AA-0ED0-4CE9-8E62-590EB44E7E49}
		{B3228B9C-D9FA-4FD3-A291-894B1F367EA3} = {71CD37AA-0ED0-4CE9-8E62-590EB44E7E49}
		{85ABFBE2-E8F4-4961-A898-8F9F4B9ACD1E} = {B58B1D00-F12C-42CF-A230-778009C30FAA}
		{B536D726-EC81-45A9-8600-3990C0C544D4} = {85ABFBE2-E8F4-4961-A898-8F9F4B9ACD1E}
		{C37DB68E-7A2E-49C3-A146-0E075AE2765B} = {85ABFBE2-E8F4-4961-A898-8F9F4B9ACD1E}
		{4982CF83-0FB8-484C-9D77-02790EB65BA6} = {85ABFBE2-E8F4-4961-A898-8F9F4B9ACD1E}
		{000AAFE8-CBB0-4038-BA3B-5E2910AC49F4} = {85ABFBE2-E8F4-4961-A898-8F9F4B9ACD1E}
		{AE7BB3C1-2905-4A2B-AEDA-A60B82F3F8EB} = {85ABFBE2-E8F4-4961-A898-8F9F4B9ACD1E}
		{97F761DE-CA26-413F-8E6D-E074F01C9B8D} = {85ABFBE2-E8F4-4961-A898-8F9F4B9ACD1E}
		{2142123E-B223-4AEF-864F-6D6D287C4CA5} = {85ABFBE2-E8F4-4961-A898-8F9F4B9ACD1E}
		{35911A99-E5EB-431E-B71A-6B4F3E9476EF} = {85ABFBE2-E8F4-4961-A898-8F9F4B9ACD1E}
		{511A9CBF-542C-45C4-A0BE-939AD38FC616} = {B58B1D00-F12C-42CF-A230-778009C30FAA}
		{A029E6C2-F1F6-43A6-998F-1843D5D7D195} = {511A9CBF-542C-45C4-A0BE-939AD38FC616}
		{C80BB73E-002A-484D-B384-F4C8A4E16B8D} = {511A9CBF-542C-45C4-A0BE-939AD38FC616}
		{A23D5425-80D4-452E-A9B9-E2BE54C23549} = {511A9CBF-542C-45C4-A0BE-939AD38FC616}
		{3B551D1B-481E-4EB0-9CEE-8030A4449636} = {511A9CBF-542C-45C4-A0BE-939AD38FC616}
		{37B78CB7-50E6-4CE6-A019-A71DDD2EA416} = {511A9CBF-542C-45C4-A0BE-939AD38FC616}
		{E7097F5E-3154-4DFD-8E5B-01A84BB17B20} = {511A9CBF-542C-45C4-A0BE-939AD38FC616}
		{8705D00B-94F7-4E77-8093-0B58C65CBBA4} = {511A9CBF-542C-45C4-A0BE-939AD38FC616}
		{F9EA8CA5-6C8B-472C-BD0C-66911A6BB868} = {511A9CBF-542C-45C4-A0BE-939AD38FC616}
		{BC65E4D0-31C3-4626-BD58-F4FA44719F67} = {511A9CBF-542C-45C4-A0BE-939AD38FC616}
		{67ADC17E-F8F9-49EF-8F7A-E6DE115D55D9} = {511A9CBF-542C-45C4-A0BE-939AD38FC616}
		{877C2A7D-4517-4F0A-AB09-61103FD5DC97} = {511A9CBF-542C-45C4-A0BE-939AD38FC616}
		{4B1A3E1E-E459-474D-8128-1085AC7102A3} = {511A9CBF-542C-45C4-A0BE-939AD38FC616}
		{9AA90BB9-BAC5-472D-93B1-45D5882DD9B3} = {511A9CBF-542C-45C4-A0BE-939AD38FC616}
		{10E0C398-BA6F-4BCB-8A3A-1555322F921E} = {511A9CBF-542C-45C4-A0BE-939AD38FC616}
		{05CA571A-4B9E-42E2-8353-964CCBD82BF8} = {511A9CBF-542C-45C4-A0BE-939AD38FC616}
		{C27616E9-4D1B-4256-9A5B-7D69B6448B2E} = {511A9CBF-542C-45C4-A0BE-939AD38FC616}
		{BA34FEBE-7A65-40B9-B912-0121FFB50697} = {511A9CBF-542C-45C4-A0BE-939AD38FC616}
		{9438EB7A-9A9A-4CA7-AD04-52407CF4D651} = {511A9CBF-542C-45C4-A0BE-939AD38FC616}
		{C9F2F427-3452-434E-AE3E-D6BD90A6FE01} = {511A9CBF-542C-45C4-A0BE-939AD38FC616}
		{9C131CD0-332A-44F1-B31D-1C1588531859} = {B58B1D00-F12C-42CF-A230-778009C30FAA}
		{8EC56DD9-CD37-4AD8-80F3-F83B243A99A4} = {9C131CD0-332A-44F1-B31D-1C1588531859}
		{4C58418A-743A-47BA-93EB-35D665FBE103} = {B58B1D00-F12C-42CF-A230-778009C30FAA}
		{F56DEA8B-2F12-4894-AE7C-5D1927DA319F} = {4C58418A-743A-47BA-93EB-35D665FBE103}
		{8CCB5461-0BFA-4FB9-97EF-5B06FE2465A5} = {4C58418A-743A-47BA-93EB-35D665FBE103}
		{73B78117-4E22-4421-98D5-7727A00EACEF} = {4C58418A-743A-47BA-93EB-35D665FBE103}
		{8D8AACC8-CC23-44A8-B259-E2FDFF135EB1} = {B58B1D00-F12C-42CF-A230-778009C30FAA}
		{8384A25A-3FF0-4876-944C-08F25A0E87D7} = {B58B1D00-F12C-42CF-A230-778009C30FAA}
		{EEC874B7-D29B-4811-ACDF-9F8E02EA64D7} = {8384A25A-3FF0-4876-944C-08F25A0E87D7}
		{B7F0D98A-3E27-4D51-BBF8-A1CE211BBDAC} = {8384A25A-3FF0-4876-944C-08F25A0E87D7}
		{93D3E10E-16CB-46B8-959A-DDC30ECABB06} = {8384A25A-3FF0-4876-944C-08F25A0E87D7}
		{DE529CD2-A131-496B-9C28-331753FD0C25} = {DC6FC00F-7F3F-4AF0-A970-9BEE8679729E}
		{8518674C-843F-4BCF-BAD3-3EAEB28E48EF} = {DE529CD2-A131-496B-9C28-331753FD0C25}
		{C20DBFF0-F5F7-4536-A53A-C1CDFDD6AA39} = {8384A25A-3FF0-4876-944C-08F25A0E87D7}
		{79317A18-8B39-4A13-9AF2-C6AB33835F85} = {DC6FC00F-7F3F-4AF0-A970-9BEE8679729E}
		{654C8C36-38AB-454E-BAC8-57D34EB8838F} = {79317A18-8B39-4A13-9AF2-C6AB33835F85}
		{AC9DFBD7-C323-4F56-BD28-30BBA0444F9F} = {79317A18-8B39-4A13-9AF2-C6AB33835F85}
		{FDA99FC2-1CA1-4F09-8D68-AA4ABEA9306E} = {DC6FC00F-7F3F-4AF0-A970-9BEE8679729E}
		{AF01B87E-36E1-46D8-9F3F-0DD703FF6DE8} = {FDA99FC2-1CA1-4F09-8D68-AA4ABEA9306E}
	EndGlobalSection
	GlobalSection(ExtensibilityGlobals) = postSolution
		SolutionGuid = {B99BA518-0EF3-4796-B051-6075E7270FEB}
	EndGlobalSection
EndGlobal
