
Microsoft Visual Studio Solution File, Format Version 12.00
# Visual Studio Version 16
VisualStudioVersion = 16.0.31205.134
MinimumVisualStudioVersion = 10.0.40219.1
Project("{2150E333-8FDC-42A3-9474-1A3956D46DE8}") = "Tag1", "Tag1", "{71CD37AA-0ED0-4CE9-8E62-590EB44E7E49}"
EndProject
Project("{2150E333-8FDC-42A3-9474-1A3956D46DE8}") = "Sprachfeatures_CSharp", "Sprachfeatures_CSharp", "{9148BF1A-0B83-49B9-B7A6-4EA542338D79}"
EndProject
Project("{2150E333-8FDC-42A3-9474-1A3956D46DE8}") = "70", "70", "{866C9F25-853D-418F-8D80-BD09FA5FFD3F}"
EndProject
Project("{2150E333-8FDC-42A3-9474-1A3956D46DE8}") = "71", "71", "{48E5C61B-2D54-4D72-ADCD-198170422C62}"
EndProject
Project("{2150E333-8FDC-42A3-9474-1A3956D46DE8}") = "72", "72", "{398DBA31-5376-43CC-8BBA-4B96EA1A5596}"
	ProjectSection(SolutionItems) = preProject
		PrivateProtectedLink.txt = PrivateProtectedLink.txt
	EndProjectSection
EndProject
Project("{FAE04EC0-301F-11D3-BF4B-00C04F79EFBC}") = "CSharp70", "CSharp70\CSharp70.csproj", "{D9A37A6A-7EE3-427A-B540-08733249909E}"
EndProject
Project("{FAE04EC0-301F-11D3-BF4B-00C04F79EFBC}") = "CSharp71", "CSharp71\CSharp71.csproj", "{58FC876E-FA23-47DA-9E7B-0F9976F207A8}"
EndProject
Project("{FAE04EC0-301F-11D3-BF4B-00C04F79EFBC}") = "DefaultAgurmenteSampe", "DefaultAgurmenteSampe\DefaultAgurmenteSampe.csproj", "{12B33630-842A-4FF2-8629-E5507AC645E8}"
EndProject
Project("{FAE04EC0-301F-11D3-BF4B-00C04F79EFBC}") = "CSharp80", "CSharp80\CSharp80.csproj", "{02D574A9-769A-4194-8CED-3BC5BA0FA31C}"
EndProject
Project("{FAE04EC0-301F-11D3-BF4B-00C04F79EFBC}") = "CSharp90", "CSharp90\CSharp90.csproj", "{534EFDB3-0D26-43D8-B628-A47699B36873}"
EndProject
Project("{2150E333-8FDC-42A3-9474-1A3956D46DE8}") = "80", "80", "{B154566C-DEB7-459A-820C-E5A977A733AB}"
EndProject
Project("{2150E333-8FDC-42A3-9474-1A3956D46DE8}") = "90", "90", "{C4B80B41-1250-457E-A093-CAB87FC98A15}"
EndProject
Project("{2150E333-8FDC-42A3-9474-1A3956D46DE8}") = "Solution Items", "Solution Items", "{8302D896-BD2F-4C2D-A480-F838092AEAC5}"
	ProjectSection(SolutionItems) = preProject
		Agenda.md = Agenda.md
	EndProjectSection
EndProject
Project("{2150E333-8FDC-42A3-9474-1A3956D46DE8}") = "SOLID", "SOLID", "{76B56DB7-0BC2-4E72-A003-B1741D1DB8D2}"
EndProject
Project("{FAE04EC0-301F-11D3-BF4B-00C04F79EFBC}") = "SingleResponsibility_Princip", "SingleResponsibility_Princip\SingleResponsibility_Princip.csproj", "{BC41E019-3169-4488-B584-409F693933BA}"
EndProject
Project("{FAE04EC0-301F-11D3-BF4B-00C04F79EFBC}") = "OpenClosed_Principle_OCP", "OpenClosed_Principle_OCP\OpenClosed_Principle_OCP.csproj", "{74A5955E-66B1-4806-8C03-8AF242512A55}"
EndProject
Project("{FAE04EC0-301F-11D3-BF4B-00C04F79EFBC}") = "Liskov_substitution_principle_LSP", "Liskov_substitution_principle_LSP\Liskov_substitution_principle_LSP.csproj", "{6D7D11E8-2629-412E-9D2D-0542EBBF8189}"
EndProject
Project("{FAE04EC0-301F-11D3-BF4B-00C04F79EFBC}") = "Dependency_Inversion", "Dependency_Inversion\Dependency_Inversion.csproj", "{48FD5898-1833-487B-AEBD-CC3CA4EF26F1}"
EndProject
Project("{FAE04EC0-301F-11D3-BF4B-00C04F79EFBC}") = "Interface_segregation_principle_ISP", "Interface_segregation_principle_ISP\Interface_segregation_principle_ISP.csproj", "{F53E2C3D-069C-4492-B311-6F3A1A261710}"
EndProject
Project("{9A19103F-16F7-4668-BE54-9A1E7A4F7556}") = "Übung_Solid1", "Übung_Solid1\Übung_Solid1.csproj", "{AACA7930-D3D9-41E4-96CA-76FB26971285}"
EndProject
Project("{9A19103F-16F7-4668-BE54-9A1E7A4F7556}") = "Übung_Solid2", "Übung_Solid2\Übung_Solid2.csproj", "{260557D5-7FE6-4F06-B46D-0C5E5D9B407D}"
EndProject
Global
	GlobalSection(SolutionConfigurationPlatforms) = preSolution
		Debug|Any CPU = Debug|Any CPU
		Release|Any CPU = Release|Any CPU
	EndGlobalSection
	GlobalSection(ProjectConfigurationPlatforms) = postSolution
		{D9A37A6A-7EE3-427A-B540-08733249909E}.Debug|Any CPU.ActiveCfg = Debug|Any CPU
		{D9A37A6A-7EE3-427A-B540-08733249909E}.Debug|Any CPU.Build.0 = Debug|Any CPU
		{D9A37A6A-7EE3-427A-B540-08733249909E}.Release|Any CPU.ActiveCfg = Release|Any CPU
		{D9A37A6A-7EE3-427A-B540-08733249909E}.Release|Any CPU.Build.0 = Release|Any CPU
		{58FC876E-FA23-47DA-9E7B-0F9976F207A8}.Debug|Any CPU.ActiveCfg = Debug|Any CPU
		{58FC876E-FA23-47DA-9E7B-0F9976F207A8}.Debug|Any CPU.Build.0 = Debug|Any CPU
		{58FC876E-FA23-47DA-9E7B-0F9976F207A8}.Release|Any CPU.ActiveCfg = Release|Any CPU
		{58FC876E-FA23-47DA-9E7B-0F9976F207A8}.Release|Any CPU.Build.0 = Release|Any CPU
		{12B33630-842A-4FF2-8629-E5507AC645E8}.Debug|Any CPU.ActiveCfg = Debug|Any CPU
		{12B33630-842A-4FF2-8629-E5507AC645E8}.Debug|Any CPU.Build.0 = Debug|Any CPU
		{12B33630-842A-4FF2-8629-E5507AC645E8}.Release|Any CPU.ActiveCfg = Release|Any CPU
		{12B33630-842A-4FF2-8629-E5507AC645E8}.Release|Any CPU.Build.0 = Release|Any CPU
		{02D574A9-769A-4194-8CED-3BC5BA0FA31C}.Debug|Any CPU.ActiveCfg = Debug|Any CPU
		{02D574A9-769A-4194-8CED-3BC5BA0FA31C}.Debug|Any CPU.Build.0 = Debug|Any CPU
		{02D574A9-769A-4194-8CED-3BC5BA0FA31C}.Release|Any CPU.ActiveCfg = Release|Any CPU
		{02D574A9-769A-4194-8CED-3BC5BA0FA31C}.Release|Any CPU.Build.0 = Release|Any CPU
		{534EFDB3-0D26-43D8-B628-A47699B36873}.Debug|Any CPU.ActiveCfg = Debug|Any CPU
		{534EFDB3-0D26-43D8-B628-A47699B36873}.Debug|Any CPU.Build.0 = Debug|Any CPU
		{534EFDB3-0D26-43D8-B628-A47699B36873}.Release|Any CPU.ActiveCfg = Release|Any CPU
		{534EFDB3-0D26-43D8-B628-A47699B36873}.Release|Any CPU.Build.0 = Release|Any CPU
		{BC41E019-3169-4488-B584-409F693933BA}.Debug|Any CPU.ActiveCfg = Debug|Any CPU
		{BC41E019-3169-4488-B584-409F693933BA}.Debug|Any CPU.Build.0 = Debug|Any CPU
		{BC41E019-3169-4488-B584-409F693933BA}.Release|Any CPU.ActiveCfg = Release|Any CPU
		{BC41E019-3169-4488-B584-409F693933BA}.Release|Any CPU.Build.0 = Release|Any CPU
		{74A5955E-66B1-4806-8C03-8AF242512A55}.Debug|Any CPU.ActiveCfg = Debug|Any CPU
		{74A5955E-66B1-4806-8C03-8AF242512A55}.Debug|Any CPU.Build.0 = Debug|Any CPU
		{74A5955E-66B1-4806-8C03-8AF242512A55}.Release|Any CPU.ActiveCfg = Release|Any CPU
		{74A5955E-66B1-4806-8C03-8AF242512A55}.Release|Any CPU.Build.0 = Release|Any CPU
		{6D7D11E8-2629-412E-9D2D-0542EBBF8189}.Debug|Any CPU.ActiveCfg = Debug|Any CPU
		{6D7D11E8-2629-412E-9D2D-0542EBBF8189}.Debug|Any CPU.Build.0 = Debug|Any CPU
		{6D7D11E8-2629-412E-9D2D-0542EBBF8189}.Release|Any CPU.ActiveCfg = Release|Any CPU
		{6D7D11E8-2629-412E-9D2D-0542EBBF8189}.Release|Any CPU.Build.0 = Release|Any CPU
		{48FD5898-1833-487B-AEBD-CC3CA4EF26F1}.Debug|Any CPU.ActiveCfg = Debug|Any CPU
		{48FD5898-1833-487B-AEBD-CC3CA4EF26F1}.Debug|Any CPU.Build.0 = Debug|Any CPU
		{48FD5898-1833-487B-AEBD-CC3CA4EF26F1}.Release|Any CPU.ActiveCfg = Release|Any CPU
		{48FD5898-1833-487B-AEBD-CC3CA4EF26F1}.Release|Any CPU.Build.0 = Release|Any CPU
		{F53E2C3D-069C-4492-B311-6F3A1A261710}.Debug|Any CPU.ActiveCfg = Debug|Any CPU
		{F53E2C3D-069C-4492-B311-6F3A1A261710}.Debug|Any CPU.Build.0 = Debug|Any CPU
		{F53E2C3D-069C-4492-B311-6F3A1A261710}.Release|Any CPU.ActiveCfg = Release|Any CPU
		{F53E2C3D-069C-4492-B311-6F3A1A261710}.Release|Any CPU.Build.0 = Release|Any CPU
		{AACA7930-D3D9-41E4-96CA-76FB26971285}.Debug|Any CPU.ActiveCfg = Debug|Any CPU
		{AACA7930-D3D9-41E4-96CA-76FB26971285}.Debug|Any CPU.Build.0 = Debug|Any CPU
		{AACA7930-D3D9-41E4-96CA-76FB26971285}.Release|Any CPU.ActiveCfg = Release|Any CPU
		{AACA7930-D3D9-41E4-96CA-76FB26971285}.Release|Any CPU.Build.0 = Release|Any CPU
		{260557D5-7FE6-4F06-B46D-0C5E5D9B407D}.Debug|Any CPU.ActiveCfg = Debug|Any CPU
		{260557D5-7FE6-4F06-B46D-0C5E5D9B407D}.Debug|Any CPU.Build.0 = Debug|Any CPU
		{260557D5-7FE6-4F06-B46D-0C5E5D9B407D}.Release|Any CPU.ActiveCfg = Release|Any CPU
		{260557D5-7FE6-4F06-B46D-0C5E5D9B407D}.Release|Any CPU.Build.0 = Release|Any CPU
	EndGlobalSection
	GlobalSection(SolutionProperties) = preSolution
		HideSolutionNode = FALSE
	EndGlobalSection
	GlobalSection(NestedProjects) = preSolution
		{9148BF1A-0B83-49B9-B7A6-4EA542338D79} = {71CD37AA-0ED0-4CE9-8E62-590EB44E7E49}
		{866C9F25-853D-418F-8D80-BD09FA5FFD3F} = {9148BF1A-0B83-49B9-B7A6-4EA542338D79}
		{48E5C61B-2D54-4D72-ADCD-198170422C62} = {9148BF1A-0B83-49B9-B7A6-4EA542338D79}
		{398DBA31-5376-43CC-8BBA-4B96EA1A5596} = {9148BF1A-0B83-49B9-B7A6-4EA542338D79}
		{D9A37A6A-7EE3-427A-B540-08733249909E} = {866C9F25-853D-418F-8D80-BD09FA5FFD3F}
		{58FC876E-FA23-47DA-9E7B-0F9976F207A8} = {48E5C61B-2D54-4D72-ADCD-198170422C62}
		{12B33630-842A-4FF2-8629-E5507AC645E8} = {398DBA31-5376-43CC-8BBA-4B96EA1A5596}
		{02D574A9-769A-4194-8CED-3BC5BA0FA31C} = {B154566C-DEB7-459A-820C-E5A977A733AB}
		{534EFDB3-0D26-43D8-B628-A47699B36873} = {C4B80B41-1250-457E-A093-CAB87FC98A15}
		{B154566C-DEB7-459A-820C-E5A977A733AB} = {9148BF1A-0B83-49B9-B7A6-4EA542338D79}
		{C4B80B41-1250-457E-A093-CAB87FC98A15} = {9148BF1A-0B83-49B9-B7A6-4EA542338D79}
		{76B56DB7-0BC2-4E72-A003-B1741D1DB8D2} = {71CD37AA-0ED0-4CE9-8E62-590EB44E7E49}
		{BC41E019-3169-4488-B584-409F693933BA} = {76B56DB7-0BC2-4E72-A003-B1741D1DB8D2}
		{74A5955E-66B1-4806-8C03-8AF242512A55} = {76B56DB7-0BC2-4E72-A003-B1741D1DB8D2}
		{6D7D11E8-2629-412E-9D2D-0542EBBF8189} = {76B56DB7-0BC2-4E72-A003-B1741D1DB8D2}
		{48FD5898-1833-487B-AEBD-CC3CA4EF26F1} = {76B56DB7-0BC2-4E72-A003-B1741D1DB8D2}
		{F53E2C3D-069C-4492-B311-6F3A1A261710} = {76B56DB7-0BC2-4E72-A003-B1741D1DB8D2}
		{AACA7930-D3D9-41E4-96CA-76FB26971285} = {71CD37AA-0ED0-4CE9-8E62-590EB44E7E49}
	EndGlobalSection
	GlobalSection(ExtensibilityGlobals) = postSolution
		SolutionGuid = {B99BA518-0EF3-4796-B051-6075E7270FEB}
	EndGlobalSection
EndGlobal
